
Microsoft Visual Studio Solution File, Format Version 12.00
# Visual Studio Version 17
VisualStudioVersion = 17.2.32630.192
MinimumVisualStudioVersion = 10.0.40219.1
Project("{8BC9CEB8-8B4A-11D0-8D11-00A0C91BC942}") = "InsertionSort", "DSA\DSA.vcxproj", "{9CF49862-12F7-41E3-839A-E4B1ACA82D3C}"
EndProject
Project("{8BC9CEB8-8B4A-11D0-8D11-00A0C91BC942}") = "SelectionSort", "SelectionSort\SelectionSort.vcxproj", "{E1E9DD34-C781-469C-B567-73AE959E7777}"
EndProject
Project("{8BC9CEB8-8B4A-11D0-8D11-00A0C91BC942}") = "Review1", "Review1\Review1.vcxproj", "{7BBA72BB-A7ED-432D-B778-F58B9887FA25}"
EndProject
Project("{8BC9CEB8-8B4A-11D0-8D11-00A0C91BC942}") = "MangDoiXung", "MangDoiXung\MangDoiXung.vcxproj", "{0642BE4F-2CD4-4705-9AB4-A0F3EB18EDA9}"
EndProject
Project("{8BC9CEB8-8B4A-11D0-8D11-00A0C91BC942}") = "HeapSort", "HeapSort\HeapSort.vcxproj", "{E9A7DF64-D28E-4E14-B600-42709A6BA798}"
EndProject
Project("{8BC9CEB8-8B4A-11D0-8D11-00A0C91BC942}") = "MergeSort", "MergeSort\MergeSort.vcxproj", "{406D4D5E-BFC0-4109-A640-1C4DA4596F02}"
EndProject
Project("{8BC9CEB8-8B4A-11D0-8D11-00A0C91BC942}") = "QuickSort", "QuickSort\QuickSort.vcxproj", "{540B194D-9650-4A2A-8251-594A76F73120}"
EndProject
Project("{8BC9CEB8-8B4A-11D0-8D11-00A0C91BC942}") = "RadixSort", "RadixSort\RadixSort.vcxproj", "{C46BED21-7D38-41AD-81EB-EC0E0EB6E0F8}"
EndProject
Project("{8BC9CEB8-8B4A-11D0-8D11-00A0C91BC942}") = "Sort", "Sort\Sort.vcxproj", "{2F38DF55-287C-4AFC-AE18-C8E7F2EC6AE1}"
EndProject
Project("{8BC9CEB8-8B4A-11D0-8D11-00A0C91BC942}") = "Linked List", "Linked List\Linked List.vcxproj", "{406180B0-A5DD-4B00-9989-94E457E5BED8}"
EndProject
Project("{8BC9CEB8-8B4A-11D0-8D11-00A0C91BC942}") = "Linked List Self Study", "Linked List Howk\Linked List Howk.vcxproj", "{1C02FF66-E543-4502-B9B8-F1E47DC0A18C}"
EndProject
Project("{8BC9CEB8-8B4A-11D0-8D11-00A0C91BC942}") = "Pointer", "Pointer\Pointer.vcxproj", "{575FAA1E-C085-4DDC-95FB-6DD21ED85519}"
EndProject
Project("{8BC9CEB8-8B4A-11D0-8D11-00A0C91BC942}") = "Linked List Theory class", "Linked List Theory class\Linked List Theory class.vcxproj", "{F738867C-3D00-4AFC-9C16-41DC05293E47}"
EndProject
Project("{8BC9CEB8-8B4A-11D0-8D11-00A0C91BC942}") = "Double Linked List", "Double Linked List\Double Linked List.vcxproj", "{20D5E003-9D72-4159-A852-34F27F81F3BA}"
EndProject
Project("{8BC9CEB8-8B4A-11D0-8D11-00A0C91BC942}") = "Queue", "Queue\Queue.vcxproj", "{52BCB39B-AD89-48E1-A520-DEF1DCA0D1EB}"
EndProject
Project("{8BC9CEB8-8B4A-11D0-8D11-00A0C91BC942}") = "Stack _Array Theory Class", "Stack Theory Class\Stack Theory Class.vcxproj", "{C6F6C115-43E7-4B0C-A1E9-EBAFD757C622}"
EndProject
Project("{8BC9CEB8-8B4A-11D0-8D11-00A0C91BC942}") = "Stack_LinkedList Theory Class", "Stack_LinkedList Theory Class\Stack_LinkedList Theory Class.vcxproj", "{A401DB05-5FA2-4BF1-965A-BAA8B9B443C6}"
EndProject
Project("{8BC9CEB8-8B4A-11D0-8D11-00A0C91BC942}") = "Queue_LinkedList Theory Class", "Queue_LinkedList Theory Class\Queue_LinkedList Theory Class.vcxproj", "{2C18A434-070F-4613-B83E-D8F9B0F557D4}"
EndProject
Project("{8BC9CEB8-8B4A-11D0-8D11-00A0C91BC942}") = "StackQueue Exercise", "StackQueue Exercise\StackQueue Exercise.vcxproj", "{B763C079-381A-4783-BAB4-8E51E6799336}"
EndProject
Project("{8BC9CEB8-8B4A-11D0-8D11-00A0C91BC942}") = "Hash_Test", "Hash_Test\Hash_Test.vcxproj", "{9C051BAE-DB68-4DCB-BBB3-32575E95BD83}"
EndProject
Project("{8BC9CEB8-8B4A-11D0-8D11-00A0C91BC942}") = "Group", "Group\Group.vcxproj", "{9131885A-2ED5-4E6F-818C-19F94455404E}"
EndProject
Global
	GlobalSection(SolutionConfigurationPlatforms) = preSolution
		Debug|x64 = Debug|x64
		Debug|x86 = Debug|x86
		Release|x64 = Release|x64
		Release|x86 = Release|x86
	EndGlobalSection
	GlobalSection(ProjectConfigurationPlatforms) = postSolution
		{9CF49862-12F7-41E3-839A-E4B1ACA82D3C}.Debug|x64.ActiveCfg = Debug|x64
		{9CF49862-12F7-41E3-839A-E4B1ACA82D3C}.Debug|x64.Build.0 = Debug|x64
		{9CF49862-12F7-41E3-839A-E4B1ACA82D3C}.Debug|x86.ActiveCfg = Debug|Win32
		{9CF49862-12F7-41E3-839A-E4B1ACA82D3C}.Debug|x86.Build.0 = Debug|Win32
		{9CF49862-12F7-41E3-839A-E4B1ACA82D3C}.Release|x64.ActiveCfg = Release|x64
		{9CF49862-12F7-41E3-839A-E4B1ACA82D3C}.Release|x64.Build.0 = Release|x64
		{9CF49862-12F7-41E3-839A-E4B1ACA82D3C}.Release|x86.ActiveCfg = Release|Win32
		{9CF49862-12F7-41E3-839A-E4B1ACA82D3C}.Release|x86.Build.0 = Release|Win32
		{E1E9DD34-C781-469C-B567-73AE959E7777}.Debug|x64.ActiveCfg = Debug|x64
		{E1E9DD34-C781-469C-B567-73AE959E7777}.Debug|x64.Build.0 = Debug|x64
		{E1E9DD34-C781-469C-B567-73AE959E7777}.Debug|x86.ActiveCfg = Debug|Win32
		{E1E9DD34-C781-469C-B567-73AE959E7777}.Debug|x86.Build.0 = Debug|Win32
		{E1E9DD34-C781-469C-B567-73AE959E7777}.Release|x64.ActiveCfg = Release|x64
		{E1E9DD34-C781-469C-B567-73AE959E7777}.Release|x64.Build.0 = Release|x64
		{E1E9DD34-C781-469C-B567-73AE959E7777}.Release|x86.ActiveCfg = Release|Win32
		{E1E9DD34-C781-469C-B567-73AE959E7777}.Release|x86.Build.0 = Release|Win32
		{7BBA72BB-A7ED-432D-B778-F58B9887FA25}.Debug|x64.ActiveCfg = Debug|x64
		{7BBA72BB-A7ED-432D-B778-F58B9887FA25}.Debug|x64.Build.0 = Debug|x64
		{7BBA72BB-A7ED-432D-B778-F58B9887FA25}.Debug|x86.ActiveCfg = Debug|Win32
		{7BBA72BB-A7ED-432D-B778-F58B9887FA25}.Debug|x86.Build.0 = Debug|Win32
		{7BBA72BB-A7ED-432D-B778-F58B9887FA25}.Release|x64.ActiveCfg = Release|x64
		{7BBA72BB-A7ED-432D-B778-F58B9887FA25}.Release|x64.Build.0 = Release|x64
		{7BBA72BB-A7ED-432D-B778-F58B9887FA25}.Release|x86.ActiveCfg = Release|Win32
		{7BBA72BB-A7ED-432D-B778-F58B9887FA25}.Release|x86.Build.0 = Release|Win32
		{0642BE4F-2CD4-4705-9AB4-A0F3EB18EDA9}.Debug|x64.ActiveCfg = Debug|x64
		{0642BE4F-2CD4-4705-9AB4-A0F3EB18EDA9}.Debug|x64.Build.0 = Debug|x64
		{0642BE4F-2CD4-4705-9AB4-A0F3EB18EDA9}.Debug|x86.ActiveCfg = Debug|Win32
		{0642BE4F-2CD4-4705-9AB4-A0F3EB18EDA9}.Debug|x86.Build.0 = Debug|Win32
		{0642BE4F-2CD4-4705-9AB4-A0F3EB18EDA9}.Release|x64.ActiveCfg = Release|x64
		{0642BE4F-2CD4-4705-9AB4-A0F3EB18EDA9}.Release|x64.Build.0 = Release|x64
		{0642BE4F-2CD4-4705-9AB4-A0F3EB18EDA9}.Release|x86.ActiveCfg = Release|Win32
		{0642BE4F-2CD4-4705-9AB4-A0F3EB18EDA9}.Release|x86.Build.0 = Release|Win32
		{E9A7DF64-D28E-4E14-B600-42709A6BA798}.Debug|x64.ActiveCfg = Debug|x64
		{E9A7DF64-D28E-4E14-B600-42709A6BA798}.Debug|x64.Build.0 = Debug|x64
		{E9A7DF64-D28E-4E14-B600-42709A6BA798}.Debug|x86.ActiveCfg = Debug|Win32
		{E9A7DF64-D28E-4E14-B600-42709A6BA798}.Debug|x86.Build.0 = Debug|Win32
		{E9A7DF64-D28E-4E14-B600-42709A6BA798}.Release|x64.ActiveCfg = Release|x64
		{E9A7DF64-D28E-4E14-B600-42709A6BA798}.Release|x64.Build.0 = Release|x64
		{E9A7DF64-D28E-4E14-B600-42709A6BA798}.Release|x86.ActiveCfg = Release|Win32
		{E9A7DF64-D28E-4E14-B600-42709A6BA798}.Release|x86.Build.0 = Release|Win32
		{406D4D5E-BFC0-4109-A640-1C4DA4596F02}.Debug|x64.ActiveCfg = Debug|x64
		{406D4D5E-BFC0-4109-A640-1C4DA4596F02}.Debug|x64.Build.0 = Debug|x64
		{406D4D5E-BFC0-4109-A640-1C4DA4596F02}.Debug|x86.ActiveCfg = Debug|Win32
		{406D4D5E-BFC0-4109-A640-1C4DA4596F02}.Debug|x86.Build.0 = Debug|Win32
		{406D4D5E-BFC0-4109-A640-1C4DA4596F02}.Release|x64.ActiveCfg = Release|x64
		{406D4D5E-BFC0-4109-A640-1C4DA4596F02}.Release|x64.Build.0 = Release|x64
		{406D4D5E-BFC0-4109-A640-1C4DA4596F02}.Release|x86.ActiveCfg = Release|Win32
		{406D4D5E-BFC0-4109-A640-1C4DA4596F02}.Release|x86.Build.0 = Release|Win32
		{540B194D-9650-4A2A-8251-594A76F73120}.Debug|x64.ActiveCfg = Debug|x64
		{540B194D-9650-4A2A-8251-594A76F73120}.Debug|x64.Build.0 = Debug|x64
		{540B194D-9650-4A2A-8251-594A76F73120}.Debug|x86.ActiveCfg = Debug|Win32
		{540B194D-9650-4A2A-8251-594A76F73120}.Debug|x86.Build.0 = Debug|Win32
		{540B194D-9650-4A2A-8251-594A76F73120}.Release|x64.ActiveCfg = Release|x64
		{540B194D-9650-4A2A-8251-594A76F73120}.Release|x64.Build.0 = Release|x64
		{540B194D-9650-4A2A-8251-594A76F73120}.Release|x86.ActiveCfg = Release|Win32
		{540B194D-9650-4A2A-8251-594A76F73120}.Release|x86.Build.0 = Release|Win32
		{C46BED21-7D38-41AD-81EB-EC0E0EB6E0F8}.Debug|x64.ActiveCfg = Debug|x64
		{C46BED21-7D38-41AD-81EB-EC0E0EB6E0F8}.Debug|x64.Build.0 = Debug|x64
		{C46BED21-7D38-41AD-81EB-EC0E0EB6E0F8}.Debug|x86.ActiveCfg = Debug|Win32
		{C46BED21-7D38-41AD-81EB-EC0E0EB6E0F8}.Debug|x86.Build.0 = Debug|Win32
		{C46BED21-7D38-41AD-81EB-EC0E0EB6E0F8}.Release|x64.ActiveCfg = Release|x64
		{C46BED21-7D38-41AD-81EB-EC0E0EB6E0F8}.Release|x64.Build.0 = Release|x64
		{C46BED21-7D38-41AD-81EB-EC0E0EB6E0F8}.Release|x86.ActiveCfg = Release|Win32
		{C46BED21-7D38-41AD-81EB-EC0E0EB6E0F8}.Release|x86.Build.0 = Release|Win32
		{2F38DF55-287C-4AFC-AE18-C8E7F2EC6AE1}.Debug|x64.ActiveCfg = Debug|x64
		{2F38DF55-287C-4AFC-AE18-C8E7F2EC6AE1}.Debug|x64.Build.0 = Debug|x64
		{2F38DF55-287C-4AFC-AE18-C8E7F2EC6AE1}.Debug|x86.ActiveCfg = Debug|Win32
		{2F38DF55-287C-4AFC-AE18-C8E7F2EC6AE1}.Debug|x86.Build.0 = Debug|Win32
		{2F38DF55-287C-4AFC-AE18-C8E7F2EC6AE1}.Release|x64.ActiveCfg = Release|x64
		{2F38DF55-287C-4AFC-AE18-C8E7F2EC6AE1}.Release|x64.Build.0 = Release|x64
		{2F38DF55-287C-4AFC-AE18-C8E7F2EC6AE1}.Release|x86.ActiveCfg = Release|Win32
		{2F38DF55-287C-4AFC-AE18-C8E7F2EC6AE1}.Release|x86.Build.0 = Release|Win32
		{406180B0-A5DD-4B00-9989-94E457E5BED8}.Debug|x64.ActiveCfg = Debug|x64
		{406180B0-A5DD-4B00-9989-94E457E5BED8}.Debug|x64.Build.0 = Debug|x64
		{406180B0-A5DD-4B00-9989-94E457E5BED8}.Debug|x86.ActiveCfg = Debug|Win32
		{406180B0-A5DD-4B00-9989-94E457E5BED8}.Debug|x86.Build.0 = Debug|Win32
		{406180B0-A5DD-4B00-9989-94E457E5BED8}.Release|x64.ActiveCfg = Release|x64
		{406180B0-A5DD-4B00-9989-94E457E5BED8}.Release|x64.Build.0 = Release|x64
		{406180B0-A5DD-4B00-9989-94E457E5BED8}.Release|x86.ActiveCfg = Release|Win32
		{406180B0-A5DD-4B00-9989-94E457E5BED8}.Release|x86.Build.0 = Release|Win32
		{1C02FF66-E543-4502-B9B8-F1E47DC0A18C}.Debug|x64.ActiveCfg = Debug|x64
		{1C02FF66-E543-4502-B9B8-F1E47DC0A18C}.Debug|x64.Build.0 = Debug|x64
		{1C02FF66-E543-4502-B9B8-F1E47DC0A18C}.Debug|x86.ActiveCfg = Debug|Win32
		{1C02FF66-E543-4502-B9B8-F1E47DC0A18C}.Debug|x86.Build.0 = Debug|Win32
		{1C02FF66-E543-4502-B9B8-F1E47DC0A18C}.Release|x64.ActiveCfg = Release|x64
		{1C02FF66-E543-4502-B9B8-F1E47DC0A18C}.Release|x64.Build.0 = Release|x64
		{1C02FF66-E543-4502-B9B8-F1E47DC0A18C}.Release|x86.ActiveCfg = Release|Win32
		{1C02FF66-E543-4502-B9B8-F1E47DC0A18C}.Release|x86.Build.0 = Release|Win32
		{575FAA1E-C085-4DDC-95FB-6DD21ED85519}.Debug|x64.ActiveCfg = Debug|x64
		{575FAA1E-C085-4DDC-95FB-6DD21ED85519}.Debug|x64.Build.0 = Debug|x64
		{575FAA1E-C085-4DDC-95FB-6DD21ED85519}.Debug|x86.ActiveCfg = Debug|Win32
		{575FAA1E-C085-4DDC-95FB-6DD21ED85519}.Debug|x86.Build.0 = Debug|Win32
		{575FAA1E-C085-4DDC-95FB-6DD21ED85519}.Release|x64.ActiveCfg = Release|x64
		{575FAA1E-C085-4DDC-95FB-6DD21ED85519}.Release|x64.Build.0 = Release|x64
		{575FAA1E-C085-4DDC-95FB-6DD21ED85519}.Release|x86.ActiveCfg = Release|Win32
		{575FAA1E-C085-4DDC-95FB-6DD21ED85519}.Release|x86.Build.0 = Release|Win32
		{F738867C-3D00-4AFC-9C16-41DC05293E47}.Debug|x64.ActiveCfg = Debug|x64
		{F738867C-3D00-4AFC-9C16-41DC05293E47}.Debug|x64.Build.0 = Debug|x64
		{F738867C-3D00-4AFC-9C16-41DC05293E47}.Debug|x86.ActiveCfg = Debug|Win32
		{F738867C-3D00-4AFC-9C16-41DC05293E47}.Debug|x86.Build.0 = Debug|Win32
		{F738867C-3D00-4AFC-9C16-41DC05293E47}.Release|x64.ActiveCfg = Release|x64
		{F738867C-3D00-4AFC-9C16-41DC05293E47}.Release|x64.Build.0 = Release|x64
		{F738867C-3D00-4AFC-9C16-41DC05293E47}.Release|x86.ActiveCfg = Release|Win32
		{F738867C-3D00-4AFC-9C16-41DC05293E47}.Release|x86.Build.0 = Release|Win32
		{20D5E003-9D72-4159-A852-34F27F81F3BA}.Debug|x64.ActiveCfg = Debug|x64
		{20D5E003-9D72-4159-A852-34F27F81F3BA}.Debug|x64.Build.0 = Debug|x64
		{20D5E003-9D72-4159-A852-34F27F81F3BA}.Debug|x86.ActiveCfg = Debug|Win32
		{20D5E003-9D72-4159-A852-34F27F81F3BA}.Debug|x86.Build.0 = Debug|Win32
		{20D5E003-9D72-4159-A852-34F27F81F3BA}.Release|x64.ActiveCfg = Release|x64
		{20D5E003-9D72-4159-A852-34F27F81F3BA}.Release|x64.Build.0 = Release|x64
		{20D5E003-9D72-4159-A852-34F27F81F3BA}.Release|x86.ActiveCfg = Release|Win32
		{20D5E003-9D72-4159-A852-34F27F81F3BA}.Release|x86.Build.0 = Release|Win32
		{52BCB39B-AD89-48E1-A520-DEF1DCA0D1EB}.Debug|x64.ActiveCfg = Debug|x64
		{52BCB39B-AD89-48E1-A520-DEF1DCA0D1EB}.Debug|x64.Build.0 = Debug|x64
		{52BCB39B-AD89-48E1-A520-DEF1DCA0D1EB}.Debug|x86.ActiveCfg = Debug|Win32
		{52BCB39B-AD89-48E1-A520-DEF1DCA0D1EB}.Debug|x86.Build.0 = Debug|Win32
		{52BCB39B-AD89-48E1-A520-DEF1DCA0D1EB}.Release|x64.ActiveCfg = Release|x64
		{52BCB39B-AD89-48E1-A520-DEF1DCA0D1EB}.Release|x64.Build.0 = Release|x64
		{52BCB39B-AD89-48E1-A520-DEF1DCA0D1EB}.Release|x86.ActiveCfg = Release|Win32
		{52BCB39B-AD89-48E1-A520-DEF1DCA0D1EB}.Release|x86.Build.0 = Release|Win32
		{C6F6C115-43E7-4B0C-A1E9-EBAFD757C622}.Debug|x64.ActiveCfg = Debug|x64
		{C6F6C115-43E7-4B0C-A1E9-EBAFD757C622}.Debug|x64.Build.0 = Debug|x64
		{C6F6C115-43E7-4B0C-A1E9-EBAFD757C622}.Debug|x86.ActiveCfg = Debug|Win32
		{C6F6C115-43E7-4B0C-A1E9-EBAFD757C622}.Debug|x86.Build.0 = Debug|Win32
		{C6F6C115-43E7-4B0C-A1E9-EBAFD757C622}.Release|x64.ActiveCfg = Release|x64
		{C6F6C115-43E7-4B0C-A1E9-EBAFD757C622}.Release|x64.Build.0 = Release|x64
		{C6F6C115-43E7-4B0C-A1E9-EBAFD757C622}.Release|x86.ActiveCfg = Release|Win32
		{C6F6C115-43E7-4B0C-A1E9-EBAFD757C622}.Release|x86.Build.0 = Release|Win32
		{A401DB05-5FA2-4BF1-965A-BAA8B9B443C6}.Debug|x64.ActiveCfg = Debug|x64
		{A401DB05-5FA2-4BF1-965A-BAA8B9B443C6}.Debug|x64.Build.0 = Debug|x64
		{A401DB05-5FA2-4BF1-965A-BAA8B9B443C6}.Debug|x86.ActiveCfg = Debug|Win32
		{A401DB05-5FA2-4BF1-965A-BAA8B9B443C6}.Debug|x86.Build.0 = Debug|Win32
		{A401DB05-5FA2-4BF1-965A-BAA8B9B443C6}.Release|x64.ActiveCfg = Release|x64
		{A401DB05-5FA2-4BF1-965A-BAA8B9B443C6}.Release|x64.Build.0 = Release|x64
		{A401DB05-5FA2-4BF1-965A-BAA8B9B443C6}.Release|x86.ActiveCfg = Release|Win32
		{A401DB05-5FA2-4BF1-965A-BAA8B9B443C6}.Release|x86.Build.0 = Release|Win32
		{2C18A434-070F-4613-B83E-D8F9B0F557D4}.Debug|x64.ActiveCfg = Debug|x64
		{2C18A434-070F-4613-B83E-D8F9B0F557D4}.Debug|x64.Build.0 = Debug|x64
		{2C18A434-070F-4613-B83E-D8F9B0F557D4}.Debug|x86.ActiveCfg = Debug|Win32
		{2C18A434-070F-4613-B83E-D8F9B0F557D4}.Debug|x86.Build.0 = Debug|Win32
		{2C18A434-070F-4613-B83E-D8F9B0F557D4}.Release|x64.ActiveCfg = Release|x64
		{2C18A434-070F-4613-B83E-D8F9B0F557D4}.Release|x64.Build.0 = Release|x64
		{2C18A434-070F-4613-B83E-D8F9B0F557D4}.Release|x86.ActiveCfg = Release|Win32
		{2C18A434-070F-4613-B83E-D8F9B0F557D4}.Release|x86.Build.0 = Release|Win32
		{B763C079-381A-4783-BAB4-8E51E6799336}.Debug|x64.ActiveCfg = Debug|x64
		{B763C079-381A-4783-BAB4-8E51E6799336}.Debug|x64.Build.0 = Debug|x64
		{B763C079-381A-4783-BAB4-8E51E6799336}.Debug|x86.ActiveCfg = Debug|Win32
		{B763C079-381A-4783-BAB4-8E51E6799336}.Debug|x86.Build.0 = Debug|Win32
		{B763C079-381A-4783-BAB4-8E51E6799336}.Release|x64.ActiveCfg = Release|x64
		{B763C079-381A-4783-BAB4-8E51E6799336}.Release|x64.Build.0 = Release|x64
		{B763C079-381A-4783-BAB4-8E51E6799336}.Release|x86.ActiveCfg = Release|Win32
		{B763C079-381A-4783-BAB4-8E51E6799336}.Release|x86.Build.0 = Release|Win32
		{9C051BAE-DB68-4DCB-BBB3-32575E95BD83}.Debug|x64.ActiveCfg = Debug|x64
		{9C051BAE-DB68-4DCB-BBB3-32575E95BD83}.Debug|x64.Build.0 = Debug|x64
		{9C051BAE-DB68-4DCB-BBB3-32575E95BD83}.Debug|x86.ActiveCfg = Debug|Win32
		{9C051BAE-DB68-4DCB-BBB3-32575E95BD83}.Debug|x86.Build.0 = Debug|Win32
		{9C051BAE-DB68-4DCB-BBB3-32575E95BD83}.Release|x64.ActiveCfg = Release|x64
		{9C051BAE-DB68-4DCB-BBB3-32575E95BD83}.Release|x64.Build.0 = Release|x64
		{9C051BAE-DB68-4DCB-BBB3-32575E95BD83}.Release|x86.ActiveCfg = Release|Win32
		{9C051BAE-DB68-4DCB-BBB3-32575E95BD83}.Release|x86.Build.0 = Release|Win32
		{9131885A-2ED5-4E6F-818C-19F94455404E}.Debug|x64.ActiveCfg = Debug|x64
		{9131885A-2ED5-4E6F-818C-19F94455404E}.Debug|x64.Build.0 = Debug|x64
		{9131885A-2ED5-4E6F-818C-19F94455404E}.Debug|x86.ActiveCfg = Debug|Win32
		{9131885A-2ED5-4E6F-818C-19F94455404E}.Debug|x86.Build.0 = Debug|Win32
		{9131885A-2ED5-4E6F-818C-19F94455404E}.Release|x64.ActiveCfg = Release|x64
		{9131885A-2ED5-4E6F-818C-19F94455404E}.Release|x64.Build.0 = Release|x64
		{9131885A-2ED5-4E6F-818C-19F94455404E}.Release|x86.ActiveCfg = Release|Win32
		{9131885A-2ED5-4E6F-818C-19F94455404E}.Release|x86.Build.0 = Release|Win32
	EndGlobalSection
	GlobalSection(SolutionProperties) = preSolution
		HideSolutionNode = FALSE
	EndGlobalSection
	GlobalSection(ExtensibilityGlobals) = postSolution
		SolutionGuid = {38CA899D-9BC6-4BD1-93DB-E403313C8A31}
	EndGlobalSection
EndGlobal
